// !$*UTF8*$!
{
	archiveVersion = 1;
	classes = {
	};
	objectVersion = 46;
	objects = {

/* Begin PBXBuildFile section */
		6B811D0F1EA6A1BE00D367C7 /* SearchableRecord.swift in Sources */ = {isa = PBXBuildFile; fileRef = 6B811D0E1EA6A1BE00D367C7 /* SearchableRecord.swift */; };
		6B811D121EA7077A00D367C7 /* PhotoSelectViewController.swift in Sources */ = {isa = PBXBuildFile; fileRef = 6B811D111EA7077A00D367C7 /* PhotoSelectViewController.swift */; };
		6B9015701EA53CEF006DD413 /* AppDelegate.swift in Sources */ = {isa = PBXBuildFile; fileRef = 6B90156F1EA53CEF006DD413 /* AppDelegate.swift */; };
		6B9015751EA53CEF006DD413 /* Main.storyboard in Resources */ = {isa = PBXBuildFile; fileRef = 6B9015731EA53CEF006DD413 /* Main.storyboard */; };
		6B9015771EA53CEF006DD413 /* Assets.xcassets in Resources */ = {isa = PBXBuildFile; fileRef = 6B9015761EA53CEF006DD413 /* Assets.xcassets */; };
		6B90157A1EA53CEF006DD413 /* LaunchScreen.storyboard in Resources */ = {isa = PBXBuildFile; fileRef = 6B9015781EA53CEF006DD413 /* LaunchScreen.storyboard */; };
		6B9015841EA53EC8006DD413 /* PostListTableViewController.swift in Sources */ = {isa = PBXBuildFile; fileRef = 6B9015831EA53EC8006DD413 /* PostListTableViewController.swift */; };
		6B9015861EA53F69006DD413 /* PostDetailTableViewController.swift in Sources */ = {isa = PBXBuildFile; fileRef = 6B9015851EA53F69006DD413 /* PostDetailTableViewController.swift */; };
		6B9015881EA54005006DD413 /* AddPostTableViewController.swift in Sources */ = {isa = PBXBuildFile; fileRef = 6B9015871EA54005006DD413 /* AddPostTableViewController.swift */; };
		6B90158A1EA54047006DD413 /* SearchResultsTableViewController.swift in Sources */ = {isa = PBXBuildFile; fileRef = 6B9015891EA54047006DD413 /* SearchResultsTableViewController.swift */; };
		6B90158D1EA54110006DD413 /* Post.swift in Sources */ = {isa = PBXBuildFile; fileRef = 6B90158C1EA54110006DD413 /* Post.swift */; };
		6BCD4B071EA5533900B79004 /* Comment.swift in Sources */ = {isa = PBXBuildFile; fileRef = 6BCD4B061EA5533900B79004 /* Comment.swift */; };
		6BCD4B0A1EA5549300B79004 /* PostController.swift in Sources */ = {isa = PBXBuildFile; fileRef = 6BCD4B091EA5549300B79004 /* PostController.swift */; };
		6BCEB41C1EA564EC00D036D4 /* PostTableViewCell.swift in Sources */ = {isa = PBXBuildFile; fileRef = 6BCEB41B1EA564EC00D036D4 /* PostTableViewCell.swift */; };
		6BF712721EA7F56100573D34 /* CloudKitManager.swift in Sources */ = {isa = PBXBuildFile; fileRef = 6BF712711EA7F56100573D34 /* CloudKitManager.swift */; };
		6BF712751EA7F67800573D34 /* CloudKitSyncable.swift in Sources */ = {isa = PBXBuildFile; fileRef = 6BF712741EA7F67800573D34 /* CloudKitSyncable.swift */; };
		6BF712791EA866DD00573D34 /* CloudKit.framework in Frameworks */ = {isa = PBXBuildFile; fileRef = 6BF712781EA866DD00573D34 /* CloudKit.framework */; };
/* End PBXBuildFile section */

/* Begin PBXFileReference section */
		6B811D0E1EA6A1BE00D367C7 /* SearchableRecord.swift */ = {isa = PBXFileReference; fileEncoding = 4; lastKnownFileType = sourcecode.swift; path = SearchableRecord.swift; sourceTree = "<group>"; };
		6B811D111EA7077A00D367C7 /* PhotoSelectViewController.swift */ = {isa = PBXFileReference; fileEncoding = 4; lastKnownFileType = sourcecode.swift; path = PhotoSelectViewController.swift; sourceTree = "<group>"; };
		6B90156C1EA53CEF006DD413 /* TimeLine.app */ = {isa = PBXFileReference; explicitFileType = wrapper.application; includeInIndex = 0; path = TimeLine.app; sourceTree = BUILT_PRODUCTS_DIR; };
		6B90156F1EA53CEF006DD413 /* AppDelegate.swift */ = {isa = PBXFileReference; lastKnownFileType = sourcecode.swift; path = AppDelegate.swift; sourceTree = "<group>"; };
		6B9015741EA53CEF006DD413 /* Base */ = {isa = PBXFileReference; lastKnownFileType = file.storyboard; name = Base; path = Base.lproj/Main.storyboard; sourceTree = "<group>"; };
		6B9015761EA53CEF006DD413 /* Assets.xcassets */ = {isa = PBXFileReference; lastKnownFileType = folder.assetcatalog; path = Assets.xcassets; sourceTree = "<group>"; };
		6B9015791EA53CEF006DD413 /* Base */ = {isa = PBXFileReference; lastKnownFileType = file.storyboard; name = Base; path = Base.lproj/LaunchScreen.storyboard; sourceTree = "<group>"; };
		6B90157B1EA53CEF006DD413 /* Info.plist */ = {isa = PBXFileReference; lastKnownFileType = text.plist.xml; path = Info.plist; sourceTree = "<group>"; };
		6B9015831EA53EC8006DD413 /* PostListTableViewController.swift */ = {isa = PBXFileReference; fileEncoding = 4; lastKnownFileType = sourcecode.swift; path = PostListTableViewController.swift; sourceTree = "<group>"; };
		6B9015851EA53F69006DD413 /* PostDetailTableViewController.swift */ = {isa = PBXFileReference; fileEncoding = 4; lastKnownFileType = sourcecode.swift; path = PostDetailTableViewController.swift; sourceTree = "<group>"; };
		6B9015871EA54005006DD413 /* AddPostTableViewController.swift */ = {isa = PBXFileReference; fileEncoding = 4; lastKnownFileType = sourcecode.swift; path = AddPostTableViewController.swift; sourceTree = "<group>"; };
		6B9015891EA54047006DD413 /* SearchResultsTableViewController.swift */ = {isa = PBXFileReference; fileEncoding = 4; lastKnownFileType = sourcecode.swift; path = SearchResultsTableViewController.swift; sourceTree = "<group>"; };
		6B90158C1EA54110006DD413 /* Post.swift */ = {isa = PBXFileReference; fileEncoding = 4; lastKnownFileType = sourcecode.swift; path = Post.swift; sourceTree = "<group>"; };
		6BCD4B061EA5533900B79004 /* Comment.swift */ = {isa = PBXFileReference; fileEncoding = 4; lastKnownFileType = sourcecode.swift; path = Comment.swift; sourceTree = "<group>"; };
		6BCD4B091EA5549300B79004 /* PostController.swift */ = {isa = PBXFileReference; fileEncoding = 4; lastKnownFileType = sourcecode.swift; path = PostController.swift; sourceTree = "<group>"; };
		6BCEB41B1EA564EC00D036D4 /* PostTableViewCell.swift */ = {isa = PBXFileReference; fileEncoding = 4; lastKnownFileType = sourcecode.swift; path = PostTableViewCell.swift; sourceTree = "<group>"; };
		6BF712711EA7F56100573D34 /* CloudKitManager.swift */ = {isa = PBXFileReference; fileEncoding = 4; lastKnownFileType = sourcecode.swift; path = CloudKitManager.swift; sourceTree = "<group>"; };
		6BF712741EA7F67800573D34 /* CloudKitSyncable.swift */ = {isa = PBXFileReference; fileEncoding = 4; lastKnownFileType = sourcecode.swift; path = CloudKitSyncable.swift; sourceTree = "<group>"; };
		6BF712761EA866CD00573D34 /* TimeLine.entitlements */ = {isa = PBXFileReference; lastKnownFileType = text.plist.entitlements; path = TimeLine.entitlements; sourceTree = "<group>"; };
		6BF712781EA866DD00573D34 /* CloudKit.framework */ = {isa = PBXFileReference; lastKnownFileType = wrapper.framework; name = CloudKit.framework; path = System/Library/Frameworks/CloudKit.framework; sourceTree = SDKROOT; };
/* End PBXFileReference section */

/* Begin PBXFrameworksBuildPhase section */
		6B9015691EA53CEE006DD413 /* Frameworks */ = {
			isa = PBXFrameworksBuildPhase;
			buildActionMask = 2147483647;
			files = (
				6BF712791EA866DD00573D34 /* CloudKit.framework in Frameworks */,
			);
			runOnlyForDeploymentPostprocessing = 0;
		};
/* End PBXFrameworksBuildPhase section */

/* Begin PBXGroup section */
		6B811D101EA6A22000D367C7 /* Protocols */ = {
			isa = PBXGroup;
			children = (
				6B811D0E1EA6A1BE00D367C7 /* SearchableRecord.swift */,
			);
			name = Protocols;
			sourceTree = "<group>";
		};
		6B9015631EA53CEE006DD413 = {
			isa = PBXGroup;
			children = (
				6B90156E1EA53CEF006DD413 /* TimeLine */,
				6B90156D1EA53CEF006DD413 /* Products */,
				6BF712771EA866DD00573D34 /* Frameworks */,
			);
			sourceTree = "<group>";
		};
		6B90156D1EA53CEF006DD413 /* Products */ = {
			isa = PBXGroup;
			children = (
				6B90156C1EA53CEF006DD413 /* TimeLine.app */,
			);
			name = Products;
			sourceTree = "<group>";
		};
		6B90156E1EA53CEF006DD413 /* TimeLine */ = {
			isa = PBXGroup;
			children = (
				6BF712761EA866CD00573D34 /* TimeLine.entitlements */,
				6B90156F1EA53CEF006DD413 /* AppDelegate.swift */,
				6BF712731EA7F66700573D34 /* Protocols */,
				6BF712701EA7F54900573D34 /* OtherControllers */,
				6B811D101EA6A22000D367C7 /* Protocols */,
				6BCD4B081EA5548100B79004 /* ModelControllers */,
				6B90158B1EA540FF006DD413 /* Models */,
				6B9015821EA53CFD006DD413 /* ViewControllers */,
				6B9015811EA53CF7006DD413 /* Resources */,
			);
			path = TimeLine;
			sourceTree = "<group>";
		};
		6B9015811EA53CF7006DD413 /* Resources */ = {
			isa = PBXGroup;
			children = (
				6B9015761EA53CEF006DD413 /* Assets.xcassets */,
				6B9015781EA53CEF006DD413 /* LaunchScreen.storyboard */,
				6B90157B1EA53CEF006DD413 /* Info.plist */,
			);
			name = Resources;
			sourceTree = "<group>";
		};
		6B9015821EA53CFD006DD413 /* ViewControllers */ = {
			isa = PBXGroup;
			children = (
				6B9015731EA53CEF006DD413 /* Main.storyboard */,
				6B811D111EA7077A00D367C7 /* PhotoSelectViewController.swift */,
				6B9015831EA53EC8006DD413 /* PostListTableViewController.swift */,
				6B9015851EA53F69006DD413 /* PostDetailTableViewController.swift */,
				6B9015871EA54005006DD413 /* AddPostTableViewController.swift */,
				6B9015891EA54047006DD413 /* SearchResultsTableViewController.swift */,
			);
			name = ViewControllers;
			sourceTree = "<group>";
		};
		6B90158B1EA540FF006DD413 /* Models */ = {
			isa = PBXGroup;
			children = (
				6B90158C1EA54110006DD413 /* Post.swift */,
				6BCD4B061EA5533900B79004 /* Comment.swift */,
			);
			name = Models;
			sourceTree = "<group>";
		};
		6BCD4B081EA5548100B79004 /* ModelControllers */ = {
			isa = PBXGroup;
			children = (
				6BCD4B091EA5549300B79004 /* PostController.swift */,
				6BCEB41B1EA564EC00D036D4 /* PostTableViewCell.swift */,
			);
			name = ModelControllers;
			sourceTree = "<group>";
		};
		6BF712701EA7F54900573D34 /* OtherControllers */ = {
			isa = PBXGroup;
			children = (
				6BF712711EA7F56100573D34 /* CloudKitManager.swift */,
			);
			name = OtherControllers;
			sourceTree = "<group>";
		};
		6BF712731EA7F66700573D34 /* Protocols */ = {
			isa = PBXGroup;
			children = (
				6BF712741EA7F67800573D34 /* CloudKitSyncable.swift */,
			);
			name = Protocols;
			sourceTree = "<group>";
		};
		6BF712771EA866DD00573D34 /* Frameworks */ = {
			isa = PBXGroup;
			children = (
				6BF712781EA866DD00573D34 /* CloudKit.framework */,
			);
			name = Frameworks;
			sourceTree = "<group>";
		};
/* End PBXGroup section */

/* Begin PBXNativeTarget section */
		6B90156B1EA53CEE006DD413 /* TimeLine */ = {
			isa = PBXNativeTarget;
			buildConfigurationList = 6B90157E1EA53CEF006DD413 /* Build configuration list for PBXNativeTarget "TimeLine" */;
			buildPhases = (
				6B9015681EA53CEE006DD413 /* Sources */,
				6B9015691EA53CEE006DD413 /* Frameworks */,
				6B90156A1EA53CEE006DD413 /* Resources */,
			);
			buildRules = (
			);
			dependencies = (
			);
			name = TimeLine;
			productName = TimeLine;
			productReference = 6B90156C1EA53CEF006DD413 /* TimeLine.app */;
			productType = "com.apple.product-type.application";
		};
/* End PBXNativeTarget section */

/* Begin PBXProject section */
		6B9015641EA53CEE006DD413 /* Project object */ = {
			isa = PBXProject;
			attributes = {
				LastSwiftUpdateCheck = 0830;
				LastUpgradeCheck = 0830;
				ORGANIZATIONNAME = "Bradley Gilmore";
				TargetAttributes = {
					6B90156B1EA53CEE006DD413 = {
						CreatedOnToolsVersion = 8.3.1;
						DevelopmentTeam = N8EMAYLL43;
						ProvisioningStyle = Automatic;
						SystemCapabilities = {
							com.apple.BackgroundModes = {
								enabled = 1;
							};
							com.apple.Push = {
								enabled = 1;
							};
							com.apple.iCloud = {
								enabled = 1;
							};
						};
					};
				};
			};
			buildConfigurationList = 6B9015671EA53CEE006DD413 /* Build configuration list for PBXProject "TimeLine" */;
			compatibilityVersion = "Xcode 3.2";
			developmentRegion = English;
			hasScannedForEncodings = 0;
			knownRegions = (
				en,
				Base,
			);
			mainGroup = 6B9015631EA53CEE006DD413;
			productRefGroup = 6B90156D1EA53CEF006DD413 /* Products */;
			projectDirPath = "";
			projectRoot = "";
			targets = (
				6B90156B1EA53CEE006DD413 /* TimeLine */,
			);
		};
/* End PBXProject section */

/* Begin PBXResourcesBuildPhase section */
		6B90156A1EA53CEE006DD413 /* Resources */ = {
			isa = PBXResourcesBuildPhase;
			buildActionMask = 2147483647;
			files = (
				6B90157A1EA53CEF006DD413 /* LaunchScreen.storyboard in Resources */,
				6B9015771EA53CEF006DD413 /* Assets.xcassets in Resources */,
				6B9015751EA53CEF006DD413 /* Main.storyboard in Resources */,
			);
			runOnlyForDeploymentPostprocessing = 0;
		};
/* End PBXResourcesBuildPhase section */

/* Begin PBXSourcesBuildPhase section */
		6B9015681EA53CEE006DD413 /* Sources */ = {
			isa = PBXSourcesBuildPhase;
			buildActionMask = 2147483647;
			files = (
				6B811D0F1EA6A1BE00D367C7 /* SearchableRecord.swift in Sources */,
				6B9015701EA53CEF006DD413 /* AppDelegate.swift in Sources */,
				6BF712721EA7F56100573D34 /* CloudKitManager.swift in Sources */,
				6BCD4B0A1EA5549300B79004 /* PostController.swift in Sources */,
				6BF712751EA7F67800573D34 /* CloudKitSyncable.swift in Sources */,
				6B9015841EA53EC8006DD413 /* PostListTableViewController.swift in Sources */,
				6B90158A1EA54047006DD413 /* SearchResultsTableViewController.swift in Sources */,
				6BCD4B071EA5533900B79004 /* Comment.swift in Sources */,
				6B811D121EA7077A00D367C7 /* PhotoSelectViewController.swift in Sources */,
				6B90158D1EA54110006DD413 /* Post.swift in Sources */,
				6B9015881EA54005006DD413 /* AddPostTableViewController.swift in Sources */,
				6B9015861EA53F69006DD413 /* PostDetailTableViewController.swift in Sources */,
				6BCEB41C1EA564EC00D036D4 /* PostTableViewCell.swift in Sources */,
			);
			runOnlyForDeploymentPostprocessing = 0;
		};
/* End PBXSourcesBuildPhase section */

/* Begin PBXVariantGroup section */
		6B9015731EA53CEF006DD413 /* Main.storyboard */ = {
			isa = PBXVariantGroup;
			children = (
				6B9015741EA53CEF006DD413 /* Base */,
			);
			name = Main.storyboard;
			sourceTree = "<group>";
		};
		6B9015781EA53CEF006DD413 /* LaunchScreen.storyboard */ = {
			isa = PBXVariantGroup;
			children = (
				6B9015791EA53CEF006DD413 /* Base */,
			);
			name = LaunchScreen.storyboard;
			sourceTree = "<group>";
		};
/* End PBXVariantGroup section */

/* Begin XCBuildConfiguration section */
		6B90157C1EA53CEF006DD413 /* Debug */ = {
			isa = XCBuildConfiguration;
			buildSettings = {
				ALWAYS_SEARCH_USER_PATHS = NO;
				CLANG_ANALYZER_NONNULL = YES;
				CLANG_ANALYZER_NUMBER_OBJECT_CONVERSION = YES_AGGRESSIVE;
				CLANG_CXX_LANGUAGE_STANDARD = "gnu++0x";
				CLANG_CXX_LIBRARY = "libc++";
				CLANG_ENABLE_MODULES = YES;
				CLANG_ENABLE_OBJC_ARC = YES;
				CLANG_WARN_BOOL_CONVERSION = YES;
				CLANG_WARN_CONSTANT_CONVERSION = YES;
				CLANG_WARN_DIRECT_OBJC_ISA_USAGE = YES_ERROR;
				CLANG_WARN_DOCUMENTATION_COMMENTS = YES;
				CLANG_WARN_EMPTY_BODY = YES;
				CLANG_WARN_ENUM_CONVERSION = YES;
				CLANG_WARN_INFINITE_RECURSION = YES;
				CLANG_WARN_INT_CONVERSION = YES;
				CLANG_WARN_OBJC_ROOT_CLASS = YES_ERROR;
				CLANG_WARN_SUSPICIOUS_MOVE = YES;
				CLANG_WARN_UNREACHABLE_CODE = YES;
				CLANG_WARN__DUPLICATE_METHOD_MATCH = YES;
				"CODE_SIGN_IDENTITY[sdk=iphoneos*]" = "iPhone Developer";
				COPY_PHASE_STRIP = NO;
				DEBUG_INFORMATION_FORMAT = dwarf;
				ENABLE_STRICT_OBJC_MSGSEND = YES;
				ENABLE_TESTABILITY = YES;
				GCC_C_LANGUAGE_STANDARD = gnu99;
				GCC_DYNAMIC_NO_PIC = NO;
				GCC_NO_COMMON_BLOCKS = YES;
				GCC_OPTIMIZATION_LEVEL = 0;
				GCC_PREPROCESSOR_DEFINITIONS = (
					"DEBUG=1",
					"$(inherited)",
				);
				GCC_WARN_64_TO_32_BIT_CONVERSION = YES;
				GCC_WARN_ABOUT_RETURN_TYPE = YES_ERROR;
				GCC_WARN_UNDECLARED_SELECTOR = YES;
				GCC_WARN_UNINITIALIZED_AUTOS = YES_AGGRESSIVE;
				GCC_WARN_UNUSED_FUNCTION = YES;
				GCC_WARN_UNUSED_VARIABLE = YES;
				IPHONEOS_DEPLOYMENT_TARGET = 10.3;
				MTL_ENABLE_DEBUG_INFO = YES;
				ONLY_ACTIVE_ARCH = YES;
				SDKROOT = iphoneos;
				SWIFT_ACTIVE_COMPILATION_CONDITIONS = DEBUG;
				SWIFT_OPTIMIZATION_LEVEL = "-Onone";
			};
			name = Debug;
		};
		6B90157D1EA53CEF006DD413 /* Release */ = {
			isa = XCBuildConfiguration;
			buildSettings = {
				ALWAYS_SEARCH_USER_PATHS = NO;
				CLANG_ANALYZER_NONNULL = YES;
				CLANG_ANALYZER_NUMBER_OBJECT_CONVERSION = YES_AGGRESSIVE;
				CLANG_CXX_LANGUAGE_STANDARD = "gnu++0x";
				CLANG_CXX_LIBRARY = "libc++";
				CLANG_ENABLE_MODULES = YES;
				CLANG_ENABLE_OBJC_ARC = YES;
				CLANG_WARN_BOOL_CONVERSION = YES;
				CLANG_WARN_CONSTANT_CONVERSION = YES;
				CLANG_WARN_DIRECT_OBJC_ISA_USAGE = YES_ERROR;
				CLANG_WARN_DOCUMENTATION_COMMENTS = YES;
				CLANG_WARN_EMPTY_BODY = YES;
				CLANG_WARN_ENUM_CONVERSION = YES;
				CLANG_WARN_INFINITE_RECURSION = YES;
				CLANG_WARN_INT_CONVERSION = YES;
				CLANG_WARN_OBJC_ROOT_CLASS = YES_ERROR;
				CLANG_WARN_SUSPICIOUS_MOVE = YES;
				CLANG_WARN_UNREACHABLE_CODE = YES;
				CLANG_WARN__DUPLICATE_METHOD_MATCH = YES;
				"CODE_SIGN_IDENTITY[sdk=iphoneos*]" = "iPhone Developer";
				COPY_PHASE_STRIP = NO;
				DEBUG_INFORMATION_FORMAT = "dwarf-with-dsym";
				ENABLE_NS_ASSERTIONS = NO;
				ENABLE_STRICT_OBJC_MSGSEND = YES;
				GCC_C_LANGUAGE_STANDARD = gnu99;
				GCC_NO_COMMON_BLOCKS = YES;
				GCC_WARN_64_TO_32_BIT_CONVERSION = YES;
				GCC_WARN_ABOUT_RETURN_TYPE = YES_ERROR;
				GCC_WARN_UNDECLARED_SELECTOR = YES;
				GCC_WARN_UNINITIALIZED_AUTOS = YES_AGGRESSIVE;
				GCC_WARN_UNUSED_FUNCTION = YES;
				GCC_WARN_UNUSED_VARIABLE = YES;
				IPHONEOS_DEPLOYMENT_TARGET = 10.3;
				MTL_ENABLE_DEBUG_INFO = NO;
				SDKROOT = iphoneos;
				SWIFT_OPTIMIZATION_LEVEL = "-Owholemodule";
				VALIDATE_PRODUCT = YES;
			};
			name = Release;
		};
		6B90157F1EA53CEF006DD413 /* Debug */ = {
			isa = XCBuildConfiguration;
			buildSettings = {
				ASSETCATALOG_COMPILER_APPICON_NAME = AppIcon;
				CODE_SIGN_ENTITLEMENTS = TimeLine/TimeLine.entitlements;
				DEVELOPMENT_TEAM = N8EMAYLL43;
				INFOPLIST_FILE = TimeLine/Info.plist;
				IPHONEOS_DEPLOYMENT_TARGET = 10.2;
				LD_RUNPATH_SEARCH_PATHS = "$(inherited) @executable_path/Frameworks";
				PRODUCT_BUNDLE_IDENTIFIER = com.bradleygilmore.TimeLinev1;
				PRODUCT_NAME = "$(TARGET_NAME)";
				SWIFT_VERSION = 3.0;
			};
			name = Debug;
		};
		6B9015801EA53CEF006DD413 /* Release */ = {
			isa = XCBuildConfiguration;
			buildSettings = {
				ASSETCATALOG_COMPILER_APPICON_NAME = AppIcon;
				CODE_SIGN_ENTITLEMENTS = TimeLine/TimeLine.entitlements;
				DEVELOPMENT_TEAM = N8EMAYLL43;
				INFOPLIST_FILE = TimeLine/Info.plist;
				IPHONEOS_DEPLOYMENT_TARGET = 10.2;
				LD_RUNPATH_SEARCH_PATHS = "$(inherited) @executable_path/Frameworks";
				PRODUCT_BUNDLE_IDENTIFIER = com.bradleygilmore.TimeLinev1;
				PRODUCT_NAME = "$(TARGET_NAME)";
				SWIFT_VERSION = 3.0;
			};
			name = Release;
		};
/* End XCBuildConfiguration section */

/* Begin XCConfigurationList section */
		6B9015671EA53CEE006DD413 /* Build configuration list for PBXProject "TimeLine" */ = {
			isa = XCConfigurationList;
			buildConfigurations = (
				6B90157C1EA53CEF006DD413 /* Debug */,
				6B90157D1EA53CEF006DD413 /* Release */,
			);
			defaultConfigurationIsVisible = 0;
			defaultConfigurationName = Release;
		};
		6B90157E1EA53CEF006DD413 /* Build configuration list for PBXNativeTarget "TimeLine" */ = {
			isa = XCConfigurationList;
			buildConfigurations = (
				6B90157F1EA53CEF006DD413 /* Debug */,
				6B9015801EA53CEF006DD413 /* Release */,
			);
			defaultConfigurationIsVisible = 0;
			defaultConfigurationName = Release;
		};
/* End XCConfigurationList section */
	};
	rootObject = 6B9015641EA53CEE006DD413 /* Project object */;
}
